{
  "lockfile_version": "1",
  "packages": {
    "github:NixOS/nixpkgs/nixpkgs-unstable": {
      "last_modified": "2025-10-26T01:09:48Z",
      "resolved": "github:NixOS/nixpkgs/de69d2ba6c70e747320df9c096523b623d3a4c35?lastModified=1761440988&narHash=sha256-2qsow3cQIgZB2g8Cy8cW%2BL9eXDHP6a1PsvOschk5y%2BE%3D"
    },
    "kubectl@1.34.2": {
      "last_modified": "2025-11-23T21:50:36Z",
      "resolved": "github:NixOS/nixpkgs/ee09932cedcef15aaf476f9343d1dea2cb77e261#kubectl",
      "source": "devbox-search",
      "version": "1.34.2",
      "systems": {
        "aarch64-darwin": {
          "outputs": [
            {
              "name": "out",
              "path": "/nix/store/lnyk97mlh2172dpa3vfx8inrs14vcjww-kubectl-1.34.2",
              "default": true
            },
            {
              "name": "man",
              "path": "/nix/store/yq0lp1mnyf2sj79cdq0fyc0vyb6jdl13-kubectl-1.34.2-man",
              "default": true
            },
            {
              "name": "convert",
              "path": "/nix/store/j02lgplwvs8fmpdkb1cgmf3997hx0ark-kubectl-1.34.2-convert"
            }
          ],
          "store_path": "/nix/store/lnyk97mlh2172dpa3vfx8inrs14vcjww-kubectl-1.34.2"
        },
        "aarch64-linux": {
          "outputs": [
            {
              "name": "out",
              "path": "/nix/store/a5xly6hcnr8w7kdfqxxgmwgq675la20r-kubectl-1.34.2",
              "default": true
            },
            {
              "name": "man",
              "path": "/nix/store/2af7cfbgya65h14ig1zb0l4wspcdiq7m-kubectl-1.34.2-man",
              "default": true
            },
            {
              "name": "convert",
              "path": "/nix/store/0phxpfyd0ibr1m09q36mvh95w2ln1z0w-kubectl-1.34.2-convert"
            }
          ],
          "store_path": "/nix/store/a5xly6hcnr8w7kdfqxxgmwgq675la20r-kubectl-1.34.2"
        },
        "x86_64-darwin": {
          "outputs": [
            {
              "name": "out",
              "path": "/nix/store/bx50n1rxkv4098wd1krvh7cklz7rn8y6-kubectl-1.34.2",
              "default": true
            },
            {
              "name": "man",
              "path": "/nix/store/jg5a8rlabq37l3b5kibsf9z6qz0v4x9m-kubectl-1.34.2-man",
              "default": true
            },
            {
              "name": "convert",
              "path": "/nix/store/1scrgj573xzmywanx90230y9ls5v2w3a-kubectl-1.34.2-convert"
            }
          ],
          "store_path": "/nix/store/bx50n1rxkv4098wd1krvh7cklz7rn8y6-kubectl-1.34.2"
        },
        "x86_64-linux": {
          "outputs": [
            {
              "name": "out",
              "path": "/nix/store/vcy97mavll1fwawj02qr7lkkl0kl2q6y-kubectl-1.34.2",
              "default": true
            },
            {
              "name": "man",
              "path": "/nix/store/vdbvkvx7xxhgz417r33gw35qwh57flix-kubectl-1.34.2-man",
              "default": true
            },
            {
              "name": "convert",
              "path": "/nix/store/grracn6nj7cqbjdk33fii2xlvsk6zxs5-kubectl-1.34.2-convert"
            }
          ],
          "store_path": "/nix/store/vcy97mavll1fwawj02qr7lkkl0kl2q6y-kubectl-1.34.2"
        }
      }
    },
    "opentofu@1.11.1": {
      "last_modified": "2025-12-13T16:46:16Z",
      "resolved": "github:NixOS/nixpkgs/23735a82a828372c4ef92c660864e82fbe2f5fbe#opentofu",
      "source": "devbox-search",
      "version": "1.11.1",
      "systems": {
        "aarch64-darwin": {
          "outputs": [
            {
              "name": "out",
              "path": "/nix/store/xwblsvijsclqpkjkdz8axych6shz98sz-opentofu-1.11.1",
              "default": true
            }
          ],
          "store_path": "/nix/store/xwblsvijsclqpkjkdz8axych6shz98sz-opentofu-1.11.1"
        },
        "aarch64-linux": {
          "outputs": [
            {
              "name": "out",
              "path": "/nix/store/q71gfjcqcq52j19qwvxkznvgnmyig5j2-opentofu-1.11.1",
              "default": true
            }
          ],
          "store_path": "/nix/store/q71gfjcqcq52j19qwvxkznvgnmyig5j2-opentofu-1.11.1"
        },
        "x86_64-darwin": {
          "outputs": [
            {
              "name": "out",
              "path": "/nix/store/4av2y5865lswbz7w6ckc3sn3gr72rpzj-opentofu-1.11.1",
              "default": true
            }
          ],
          "store_path": "/nix/store/4av2y5865lswbz7w6ckc3sn3gr72rpzj-opentofu-1.11.1"
        },
        "x86_64-linux": {
          "outputs": [
            {
              "name": "out",
              "path": "/nix/store/8sbzkjiky996palfv2baj0rvp58w4q95-opentofu-1.11.1",
              "default": true
            }
          ],
          "store_path": "/nix/store/8sbzkjiky996palfv2baj0rvp58w4q95-opentofu-1.11.1"
        }
      }
    },
    "shellspec@0.28.1": {
      "last_modified": "2025-10-07T08:41:47Z",
      "resolved": "github:NixOS/nixpkgs/bce5fe2bb998488d8e7e7856315f90496723793c#shellspec",
      "source": "devbox-search",
      "version": "0.28.1",
      "systems": {
        "aarch64-darwin": {
          "outputs": [
            {
              "name": "out",
              "path": "/nix/store/wh39byc9ahwmh7nfywpj3cwxfanm3jlm-shellspec-0.28.1",
              "default": true
            }
          ],
          "store_path": "/nix/store/wh39byc9ahwmh7nfywpj3cwxfanm3jlm-shellspec-0.28.1"
        },
        "aarch64-linux": {
          "outputs": [
            {
              "name": "out",
              "path": "/nix/store/r56994y9bzjaxxm96r1jmsf5cggi22b9-shellspec-0.28.1",
              "default": true
            }
          ],
          "store_path": "/nix/store/r56994y9bzjaxxm96r1jmsf5cggi22b9-shellspec-0.28.1"
        },
        "x86_64-darwin": {
          "outputs": [
            {
              "name": "out",
              "path": "/nix/store/h1zpw024ra10jidhrp85278hg2nj9p5x-shellspec-0.28.1",
              "default": true
            }
          ],
          "store_path": "/nix/store/h1zpw024ra10jidhrp85278hg2nj9p5x-shellspec-0.28.1"
        },
        "x86_64-linux": {
          "outputs": [
            {
              "name": "out",
              "path": "/nix/store/xy4rh9axm41di5s33s4rq1agr4ffc6nr-shellspec-0.28.1",
              "default": true
            }
          ],
          "store_path": "/nix/store/xy4rh9axm41di5s33s4rq1agr4ffc6nr-shellspec-0.28.1"
        }
      }
    },
    "talosctl@1.11.5": {
      "last_modified": "2025-11-23T21:50:36Z",
      "resolved": "github:NixOS/nixpkgs/ee09932cedcef15aaf476f9343d1dea2cb77e261#talosctl",
      "source": "devbox-search",
      "version": "1.11.5",
      "systems": {
        "aarch64-darwin": {
          "outputs": [
            {
              "name": "out",
              "path": "/nix/store/x8bvin5hsahlinhmnxwcfk3ja8ahg6gy-talosctl-1.11.5",
              "default": true
            }
          ],
          "store_path": "/nix/store/x8bvin5hsahlinhmnxwcfk3ja8ahg6gy-talosctl-1.11.5"
        },
        "aarch64-linux": {
          "outputs": [
            {
              "name": "out",
              "path": "/nix/store/0gw571w481qrliy52b84mb9l46k0a4z0-talosctl-1.11.5",
              "default": true
            }
          ],
          "store_path": "/nix/store/0gw571w481qrliy52b84mb9l46k0a4z0-talosctl-1.11.5"
        },
        "x86_64-darwin": {
          "outputs": [
            {
              "name": "out",
              "path": "/nix/store/f1lrarslznqfhzzkc907yznrd44q1vbr-talosctl-1.11.5",
              "default": true
            }
          ],
          "store_path": "/nix/store/f1lrarslznqfhzzkc907yznrd44q1vbr-talosctl-1.11.5"
        },
        "x86_64-linux": {
          "outputs": [
            {
              "name": "out",
              "path": "/nix/store/dg0rfsp75g505lajcmkf8wdkqlaysf99-talosctl-1.11.5",
              "default": true
            }
          ],
          "store_path": "/nix/store/dg0rfsp75g505lajcmkf8wdkqlaysf99-talosctl-1.11.5"
        }
      }
    },
    "yq-go@4.50.1": {
      "last_modified": "2025-12-15T04:22:15Z",
      "resolved": "github:NixOS/nixpkgs/09b8fda8959d761445f12b55f380d90375a1d6bb#yq-go",
      "source": "devbox-search",
      "version": "4.50.1",
      "systems": {
        "aarch64-darwin": {
          "outputs": [
            {
              "name": "out",
              "path": "/nix/store/3y3aq58bp35iwxlbkz3d91sph50wlmls-yq-go-4.50.1",
              "default": true
            }
          ],
          "store_path": "/nix/store/3y3aq58bp35iwxlbkz3d91sph50wlmls-yq-go-4.50.1"
        },
        "aarch64-linux": {
          "outputs": [
            {
              "name": "out",
              "path": "/nix/store/1yfc76bww15qsvsqmry8k9glkql2r0z0-yq-go-4.50.1",
              "default": true
            }
          ],
          "store_path": "/nix/store/1yfc76bww15qsvsqmry8k9glkql2r0z0-yq-go-4.50.1"
        },
        "x86_64-darwin": {
          "outputs": [
            {
              "name": "out",
              "path": "/nix/store/rmyvyk5shq34zpsc8g31d0q71k75izbr-yq-go-4.50.1",
              "default": true
            }
          ],
          "store_path": "/nix/store/rmyvyk5shq34zpsc8g31d0q71k75izbr-yq-go-4.50.1"
        },
        "x86_64-linux": {
          "outputs": [
            {
              "name": "out",
              "path": "/nix/store/q19pyndq69l2ca6vcazj0bjhzfpd1kyj-yq-go-4.50.1",
              "default": true
            }
          ],
          "store_path": "/nix/store/q19pyndq69l2ca6vcazj0bjhzfpd1kyj-yq-go-4.50.1"
        }
      }
    }
  }
}
