{
  "lockfile_version": "1",
  "packages": {
    "age@1.3.1": {
      "last_modified": "2025-12-29T08:23:14Z",
      "resolved": "github:NixOS/nixpkgs/0744ef1b047f07d31d9962d757ffe38ec14a4d41#age",
      "source": "devbox-search",
      "version": "1.3.1",
      "systems": {
        "aarch64-darwin": {
          "outputs": [
            {
              "name": "out",
              "path": "/nix/store/aw4hr1axdgp4iq3dr9k4bsh18xzpc5zh-age-1.3.1",
              "default": true
            }
          ],
          "store_path": "/nix/store/aw4hr1axdgp4iq3dr9k4bsh18xzpc5zh-age-1.3.1"
        },
        "aarch64-linux": {
          "outputs": [
            {
              "name": "out",
              "path": "/nix/store/n05awjj65865halanavnj0rsirpx0xhl-age-1.3.1",
              "default": true
            }
          ],
          "store_path": "/nix/store/n05awjj65865halanavnj0rsirpx0xhl-age-1.3.1"
        },
        "x86_64-darwin": {
          "outputs": [
            {
              "name": "out",
              "path": "/nix/store/bzwda54xyq9l4985mvab256f9cqvn6kw-age-1.3.1",
              "default": true
            }
          ],
          "store_path": "/nix/store/bzwda54xyq9l4985mvab256f9cqvn6kw-age-1.3.1"
        },
        "x86_64-linux": {
          "outputs": [
            {
              "name": "out",
              "path": "/nix/store/w2v8djxbzd673lixvi7crvgvgws3v76v-age-1.3.1",
              "default": true
            }
          ],
          "store_path": "/nix/store/w2v8djxbzd673lixvi7crvgvgws3v76v-age-1.3.1"
        }
      }
    },
    "cilium-cli@0.19.0": {
      "last_modified": "2026-02-01T05:13:08Z",
      "resolved": "github:NixOS/nixpkgs/207d15f1a6603226e1e223dc79ac29c7846da32e#cilium-cli",
      "source": "devbox-search",
      "version": "0.19.0",
      "systems": {
        "aarch64-darwin": {
          "outputs": [
            {
              "name": "out",
              "path": "/nix/store/cr6q3ab04cvn6pr2sab4qc2bc8vsk5aw-cilium-cli-0.19.0",
              "default": true
            }
          ],
          "store_path": "/nix/store/cr6q3ab04cvn6pr2sab4qc2bc8vsk5aw-cilium-cli-0.19.0"
        },
        "aarch64-linux": {
          "outputs": [
            {
              "name": "out",
              "path": "/nix/store/wfjdm3xbc3l6h6jx8xrbimcbqpkwnh1b-cilium-cli-0.19.0",
              "default": true
            }
          ],
          "store_path": "/nix/store/wfjdm3xbc3l6h6jx8xrbimcbqpkwnh1b-cilium-cli-0.19.0"
        },
        "x86_64-darwin": {
          "outputs": [
            {
              "name": "out",
              "path": "/nix/store/y3lqrg9bjyv1wd36rmkm2qd1jk17flf3-cilium-cli-0.19.0",
              "default": true
            }
          ],
          "store_path": "/nix/store/y3lqrg9bjyv1wd36rmkm2qd1jk17flf3-cilium-cli-0.19.0"
        },
        "x86_64-linux": {
          "outputs": [
            {
              "name": "out",
              "path": "/nix/store/qknl9zgdf2656jip4mc8rh90wpygi94c-cilium-cli-0.19.0",
              "default": true
            }
          ],
          "store_path": "/nix/store/qknl9zgdf2656jip4mc8rh90wpygi94c-cilium-cli-0.19.0"
        }
      }
    },
    "cosign@3.0.5": {
      "last_modified": "2026-02-23T15:40:43Z",
      "resolved": "github:NixOS/nixpkgs/80d901ec0377e19ac3f7bb8c035201e2e098cc97#cosign",
      "source": "devbox-search",
      "version": "3.0.5",
      "systems": {
        "aarch64-darwin": {
          "outputs": [
            {
              "name": "out",
              "path": "/nix/store/mzf385jb4b58x8aypkrzvqd10x05drc1-cosign-3.0.5",
              "default": true
            }
          ],
          "store_path": "/nix/store/mzf385jb4b58x8aypkrzvqd10x05drc1-cosign-3.0.5"
        },
        "aarch64-linux": {
          "outputs": [
            {
              "name": "out",
              "path": "/nix/store/3imvp2099q3plbdj1hcdy0mbwaigkvxy-cosign-3.0.5",
              "default": true
            }
          ],
          "store_path": "/nix/store/3imvp2099q3plbdj1hcdy0mbwaigkvxy-cosign-3.0.5"
        },
        "x86_64-darwin": {
          "outputs": [
            {
              "name": "out",
              "path": "/nix/store/qfj1pfcb813d0i0avywv5rj9d2p00bg8-cosign-3.0.5",
              "default": true
            }
          ],
          "store_path": "/nix/store/qfj1pfcb813d0i0avywv5rj9d2p00bg8-cosign-3.0.5"
        },
        "x86_64-linux": {
          "outputs": [
            {
              "name": "out",
              "path": "/nix/store/kdicarvprngssgqzb1g3lly9w9v793va-cosign-3.0.5",
              "default": true
            }
          ],
          "store_path": "/nix/store/kdicarvprngssgqzb1g3lly9w9v793va-cosign-3.0.5"
        }
      }
    },
    "fluxcd@2.7.5": {
      "last_modified": "2025-12-03T03:51:48Z",
      "resolved": "github:NixOS/nixpkgs/cadcc8de247676e4751c9d4a935acb2c0b059113#fluxcd",
      "source": "devbox-search",
      "version": "2.7.5",
      "systems": {
        "aarch64-darwin": {
          "outputs": [
            {
              "name": "out",
              "path": "/nix/store/fpbq0wq1anzw05syjp8g89kvki6a7w7f-fluxcd-2.7.5",
              "default": true
            }
          ],
          "store_path": "/nix/store/fpbq0wq1anzw05syjp8g89kvki6a7w7f-fluxcd-2.7.5"
        },
        "aarch64-linux": {
          "outputs": [
            {
              "name": "out",
              "path": "/nix/store/b5chqp1b7v3dalrf2y9mp022xjl4mya6-fluxcd-2.7.5",
              "default": true
            }
          ],
          "store_path": "/nix/store/b5chqp1b7v3dalrf2y9mp022xjl4mya6-fluxcd-2.7.5"
        },
        "x86_64-darwin": {
          "outputs": [
            {
              "name": "out",
              "path": "/nix/store/78kbb0rlxbfsp1glzp7c78qczcy1wgcm-fluxcd-2.7.5",
              "default": true
            }
          ],
          "store_path": "/nix/store/78kbb0rlxbfsp1glzp7c78qczcy1wgcm-fluxcd-2.7.5"
        },
        "x86_64-linux": {
          "outputs": [
            {
              "name": "out",
              "path": "/nix/store/ymnq3v3pgca5cwhcdk2r990i9n2j6hhq-fluxcd-2.7.5",
              "default": true
            }
          ],
          "store_path": "/nix/store/ymnq3v3pgca5cwhcdk2r990i9n2j6hhq-fluxcd-2.7.5"
        }
      }
    },
    "github:NixOS/nixpkgs/nixpkgs-unstable": {
      "last_modified": "2025-10-08T10:03:27Z",
      "resolved": "github:NixOS/nixpkgs/fb5cf53218b987f2703a5bbc292a030c0fe33443?lastModified=1759917807&narHash=sha256-WoSazth5EXIJmveWf0zbTMycrgpbLYOth6KhmltMuv0%3D"
    },
    "gitsign@0.14.0": {
      "last_modified": "2026-01-30T02:32:49Z",
      "resolved": "github:NixOS/nixpkgs/6308c3b21396534d8aaeac46179c14c439a89b8a#gitsign",
      "source": "devbox-search",
      "version": "0.14.0",
      "systems": {
        "aarch64-darwin": {
          "outputs": [
            {
              "name": "out",
              "path": "/nix/store/akazj50zz0gqrfihrp8bdfxsnpig09sj-gitsign-0.14.0",
              "default": true
            }
          ],
          "store_path": "/nix/store/akazj50zz0gqrfihrp8bdfxsnpig09sj-gitsign-0.14.0"
        },
        "aarch64-linux": {
          "outputs": [
            {
              "name": "out",
              "path": "/nix/store/0r20vgn620xq4h54fk9fvl5ydq28p1kv-gitsign-0.14.0",
              "default": true
            }
          ],
          "store_path": "/nix/store/0r20vgn620xq4h54fk9fvl5ydq28p1kv-gitsign-0.14.0"
        },
        "x86_64-darwin": {
          "outputs": [
            {
              "name": "out",
              "path": "/nix/store/5z3lc0kf3h941d6fiav4q7i7y7pjlhy4-gitsign-0.14.0",
              "default": true
            }
          ],
          "store_path": "/nix/store/5z3lc0kf3h941d6fiav4q7i7y7pjlhy4-gitsign-0.14.0"
        },
        "x86_64-linux": {
          "outputs": [
            {
              "name": "out",
              "path": "/nix/store/cyrb7b83s3l8mczq8ssvhmyvvgrpzhla-gitsign-0.14.0",
              "default": true
            }
          ],
          "store_path": "/nix/store/cyrb7b83s3l8mczq8ssvhmyvvgrpzhla-gitsign-0.14.0"
        }
      }
    },
    "hubble@1.18.6": {
      "last_modified": "2026-02-23T15:40:43Z",
      "resolved": "github:NixOS/nixpkgs/80d901ec0377e19ac3f7bb8c035201e2e098cc97#hubble",
      "source": "devbox-search",
      "version": "1.18.6",
      "systems": {
        "aarch64-darwin": {
          "outputs": [
            {
              "name": "out",
              "path": "/nix/store/lhnmmpfsf21hsb2sdrrdlhwi275135np-hubble-1.18.6",
              "default": true
            }
          ],
          "store_path": "/nix/store/lhnmmpfsf21hsb2sdrrdlhwi275135np-hubble-1.18.6"
        },
        "aarch64-linux": {
          "outputs": [
            {
              "name": "out",
              "path": "/nix/store/vc5bfg8wxv480ajmjxiqn43rqyxlda2h-hubble-1.18.6",
              "default": true
            }
          ],
          "store_path": "/nix/store/vc5bfg8wxv480ajmjxiqn43rqyxlda2h-hubble-1.18.6"
        },
        "x86_64-darwin": {
          "outputs": [
            {
              "name": "out",
              "path": "/nix/store/hjcvmqk665mnivhq9q9zxlrw0wmiszmn-hubble-1.18.6",
              "default": true
            }
          ],
          "store_path": "/nix/store/hjcvmqk665mnivhq9q9zxlrw0wmiszmn-hubble-1.18.6"
        },
        "x86_64-linux": {
          "outputs": [
            {
              "name": "out",
              "path": "/nix/store/95qvq31q0b11yv4h0n90jz71j36vyx49-hubble-1.18.6",
              "default": true
            }
          ],
          "store_path": "/nix/store/95qvq31q0b11yv4h0n90jz71j36vyx49-hubble-1.18.6"
        }
      }
    },
    "kubectl@1.35.0": {
      "last_modified": "2026-01-09T13:41:53Z",
      "resolved": "github:NixOS/nixpkgs/5f02c91314c8ba4afe83b256b023756412218535#kubectl",
      "source": "devbox-search",
      "version": "1.35.0",
      "systems": {
        "aarch64-darwin": {
          "outputs": [
            {
              "name": "out",
              "path": "/nix/store/1pmn1vxfffzz5mxj3h0ijzpsynq50l5g-kubectl-1.35.0",
              "default": true
            },
            {
              "name": "man",
              "path": "/nix/store/hh6nircg2v5iickmqfyx469f69rj0kag-kubectl-1.35.0-man",
              "default": true
            },
            {
              "name": "convert",
              "path": "/nix/store/z72fbf5mxilrrlsfvdacxbw27k0gszdf-kubectl-1.35.0-convert"
            }
          ],
          "store_path": "/nix/store/1pmn1vxfffzz5mxj3h0ijzpsynq50l5g-kubectl-1.35.0"
        },
        "aarch64-linux": {
          "outputs": [
            {
              "name": "out",
              "path": "/nix/store/fj8rhz380v89c3mq3br9ipislabppj4c-kubectl-1.35.0",
              "default": true
            },
            {
              "name": "man",
              "path": "/nix/store/hawgdz85f9qq9nalyq4nbrjbjw1f3356-kubectl-1.35.0-man",
              "default": true
            },
            {
              "name": "convert",
              "path": "/nix/store/dv5kh8sv8q3kkzcw4lnbkknm2pzxv5ig-kubectl-1.35.0-convert"
            }
          ],
          "store_path": "/nix/store/fj8rhz380v89c3mq3br9ipislabppj4c-kubectl-1.35.0"
        },
        "x86_64-darwin": {
          "outputs": [
            {
              "name": "out",
              "path": "/nix/store/d3gm9hvgbdhin2jh7nd8gwrf90jlmsw7-kubectl-1.35.0",
              "default": true
            },
            {
              "name": "man",
              "path": "/nix/store/za9ay0cna5hcqqmdk0flwinkd882997n-kubectl-1.35.0-man",
              "default": true
            },
            {
              "name": "convert",
              "path": "/nix/store/5r5vrq35nbcp8wgflvwmigvr6iqx85n5-kubectl-1.35.0-convert"
            }
          ],
          "store_path": "/nix/store/d3gm9hvgbdhin2jh7nd8gwrf90jlmsw7-kubectl-1.35.0"
        },
        "x86_64-linux": {
          "outputs": [
            {
              "name": "out",
              "path": "/nix/store/bbnq3nrmlhq0yjfhw84ciscpbr6hsb3b-kubectl-1.35.0",
              "default": true
            },
            {
              "name": "man",
              "path": "/nix/store/mnm7km6ik2x0pfhnylfm06vgxqvc78k0-kubectl-1.35.0-man",
              "default": true
            },
            {
              "name": "convert",
              "path": "/nix/store/c88x5qq16ih9i7iv4zyx81w2zijqzmlf-kubectl-1.35.0-convert"
            }
          ],
          "store_path": "/nix/store/bbnq3nrmlhq0yjfhw84ciscpbr6hsb3b-kubectl-1.35.0"
        }
      }
    },
    "kubernetes-helm@3.19.1": {
      "last_modified": "2025-11-23T21:50:36Z",
      "resolved": "github:NixOS/nixpkgs/ee09932cedcef15aaf476f9343d1dea2cb77e261#kubernetes-helm",
      "source": "devbox-search",
      "version": "3.19.1",
      "systems": {
        "aarch64-darwin": {
          "outputs": [
            {
              "name": "out",
              "path": "/nix/store/xx21h4bmbmhncdlhw5q7gp3wx50x0y5g-kubernetes-helm-3.19.1",
              "default": true
            }
          ],
          "store_path": "/nix/store/xx21h4bmbmhncdlhw5q7gp3wx50x0y5g-kubernetes-helm-3.19.1"
        },
        "aarch64-linux": {
          "outputs": [
            {
              "name": "out",
              "path": "/nix/store/s702f0l23v078mm6jkrbc7bx0qpjrzwm-kubernetes-helm-3.19.1",
              "default": true
            }
          ],
          "store_path": "/nix/store/s702f0l23v078mm6jkrbc7bx0qpjrzwm-kubernetes-helm-3.19.1"
        },
        "x86_64-darwin": {
          "outputs": [
            {
              "name": "out",
              "path": "/nix/store/z2is6ibqddfxx8mb1hybly00hb902h85-kubernetes-helm-3.19.1",
              "default": true
            }
          ],
          "store_path": "/nix/store/z2is6ibqddfxx8mb1hybly00hb902h85-kubernetes-helm-3.19.1"
        },
        "x86_64-linux": {
          "outputs": [
            {
              "name": "out",
              "path": "/nix/store/b7g7s0jpfs93g7s1b556166mcswbkmcx-kubernetes-helm-3.19.1",
              "default": true
            }
          ],
          "store_path": "/nix/store/b7g7s0jpfs93g7s1b556166mcswbkmcx-kubernetes-helm-3.19.1"
        }
      }
    },
    "opentofu@1.11.5": {
      "last_modified": "2026-02-23T15:40:43Z",
      "resolved": "github:NixOS/nixpkgs/80d901ec0377e19ac3f7bb8c035201e2e098cc97#opentofu",
      "source": "devbox-search",
      "version": "1.11.5",
      "systems": {
        "aarch64-darwin": {
          "outputs": [
            {
              "name": "out",
              "path": "/nix/store/s2g1cswgbidrzb1d7ahf4pl1zbq9l0rf-opentofu-1.11.5",
              "default": true
            }
          ],
          "store_path": "/nix/store/s2g1cswgbidrzb1d7ahf4pl1zbq9l0rf-opentofu-1.11.5"
        },
        "aarch64-linux": {
          "outputs": [
            {
              "name": "out",
              "path": "/nix/store/4qgrm5rsys5fi0ln11wl69l6g8fqvl4z-opentofu-1.11.5",
              "default": true
            }
          ],
          "store_path": "/nix/store/4qgrm5rsys5fi0ln11wl69l6g8fqvl4z-opentofu-1.11.5"
        },
        "x86_64-darwin": {
          "outputs": [
            {
              "name": "out",
              "path": "/nix/store/0wrpandhxd6agrrchpbxj13ymypgi42k-opentofu-1.11.5",
              "default": true
            }
          ],
          "store_path": "/nix/store/0wrpandhxd6agrrchpbxj13ymypgi42k-opentofu-1.11.5"
        },
        "x86_64-linux": {
          "outputs": [
            {
              "name": "out",
              "path": "/nix/store/fvm7h2ipqq5m47rsg7d4bpynaxywsb9y-opentofu-1.11.5",
              "default": true
            }
          ],
          "store_path": "/nix/store/fvm7h2ipqq5m47rsg7d4bpynaxywsb9y-opentofu-1.11.5"
        }
      }
    },
    "rclone@1.73.1": {
      "last_modified": "2026-02-23T15:40:43Z",
      "resolved": "github:NixOS/nixpkgs/80d901ec0377e19ac3f7bb8c035201e2e098cc97#rclone",
      "source": "devbox-search",
      "version": "1.73.1",
      "systems": {
        "aarch64-darwin": {
          "outputs": [
            {
              "name": "out",
              "path": "/nix/store/4bpynvs17jqwbqx2ad4p7kp6g431kads-rclone-1.73.1",
              "default": true
            },
            {
              "name": "man",
              "path": "/nix/store/97iwdbgjx5m8rhbzn0jvwgyhxnh9hrc8-rclone-1.73.1-man",
              "default": true
            }
          ],
          "store_path": "/nix/store/4bpynvs17jqwbqx2ad4p7kp6g431kads-rclone-1.73.1"
        },
        "aarch64-linux": {
          "outputs": [
            {
              "name": "out",
              "path": "/nix/store/pzbsbsaz57mw79386nyfij7snm5kka5i-rclone-1.73.1",
              "default": true
            },
            {
              "name": "man",
              "path": "/nix/store/b1hw4497c1khzkx2kn7n7842k21mrhvq-rclone-1.73.1-man",
              "default": true
            }
          ],
          "store_path": "/nix/store/pzbsbsaz57mw79386nyfij7snm5kka5i-rclone-1.73.1"
        },
        "x86_64-darwin": {
          "outputs": [
            {
              "name": "out",
              "path": "/nix/store/vl95ncmrzq1xcd1agf9rkvs3hsk3kbi1-rclone-1.73.1",
              "default": true
            },
            {
              "name": "man",
              "path": "/nix/store/3zf50n61c4y945lj66slka8yb4pbyz7i-rclone-1.73.1-man",
              "default": true
            }
          ],
          "store_path": "/nix/store/vl95ncmrzq1xcd1agf9rkvs3hsk3kbi1-rclone-1.73.1"
        },
        "x86_64-linux": {
          "outputs": [
            {
              "name": "out",
              "path": "/nix/store/ipmzcm8jgca1liaxs511zj1cam49y71x-rclone-1.73.1",
              "default": true
            },
            {
              "name": "man",
              "path": "/nix/store/bhbk7c8y6cyj7kw1y4kqwhq4fjf4rbfp-rclone-1.73.1-man",
              "default": true
            }
          ],
          "store_path": "/nix/store/ipmzcm8jgca1liaxs511zj1cam49y71x-rclone-1.73.1"
        }
      }
    },
    "shellspec@0.28.1": {
      "last_modified": "2025-10-07T08:41:47Z",
      "resolved": "github:NixOS/nixpkgs/bce5fe2bb998488d8e7e7856315f90496723793c#shellspec",
      "source": "devbox-search",
      "version": "0.28.1",
      "systems": {
        "aarch64-darwin": {
          "outputs": [
            {
              "name": "out",
              "path": "/nix/store/wh39byc9ahwmh7nfywpj3cwxfanm3jlm-shellspec-0.28.1",
              "default": true
            }
          ],
          "store_path": "/nix/store/wh39byc9ahwmh7nfywpj3cwxfanm3jlm-shellspec-0.28.1"
        },
        "aarch64-linux": {
          "outputs": [
            {
              "name": "out",
              "path": "/nix/store/r56994y9bzjaxxm96r1jmsf5cggi22b9-shellspec-0.28.1",
              "default": true
            }
          ],
          "store_path": "/nix/store/r56994y9bzjaxxm96r1jmsf5cggi22b9-shellspec-0.28.1"
        },
        "x86_64-darwin": {
          "outputs": [
            {
              "name": "out",
              "path": "/nix/store/h1zpw024ra10jidhrp85278hg2nj9p5x-shellspec-0.28.1",
              "default": true
            }
          ],
          "store_path": "/nix/store/h1zpw024ra10jidhrp85278hg2nj9p5x-shellspec-0.28.1"
        },
        "x86_64-linux": {
          "outputs": [
            {
              "name": "out",
              "path": "/nix/store/xy4rh9axm41di5s33s4rq1agr4ffc6nr-shellspec-0.28.1",
              "default": true
            }
          ],
          "store_path": "/nix/store/xy4rh9axm41di5s33s4rq1agr4ffc6nr-shellspec-0.28.1"
        }
      }
    },
    "sops@3.12.1": {
      "last_modified": "2026-02-26T05:06:13Z",
      "resolved": "github:NixOS/nixpkgs/26eaeac4e409d7b5a6bf6f90a2a2dc223c78d915#sops",
      "source": "devbox-search",
      "version": "3.12.1",
      "systems": {
        "aarch64-darwin": {
          "outputs": [
            {
              "name": "out",
              "path": "/nix/store/mmn1b32mf6n9alsshm791m3gb0wvwiyb-sops-3.12.1",
              "default": true
            }
          ],
          "store_path": "/nix/store/mmn1b32mf6n9alsshm791m3gb0wvwiyb-sops-3.12.1"
        },
        "aarch64-linux": {
          "outputs": [
            {
              "name": "out",
              "path": "/nix/store/3mhxfvvd5xyxbyjkhpgbd1vgb3ixi2ql-sops-3.12.1",
              "default": true
            }
          ],
          "store_path": "/nix/store/3mhxfvvd5xyxbyjkhpgbd1vgb3ixi2ql-sops-3.12.1"
        },
        "x86_64-darwin": {
          "outputs": [
            {
              "name": "out",
              "path": "/nix/store/imha5x60rrx5nrsyqh8wz5w5xi6rfmkb-sops-3.12.1",
              "default": true
            }
          ],
          "store_path": "/nix/store/imha5x60rrx5nrsyqh8wz5w5xi6rfmkb-sops-3.12.1"
        },
        "x86_64-linux": {
          "outputs": [
            {
              "name": "out",
              "path": "/nix/store/grd1kybw5zssfmdchi0m37bpz8m1685n-sops-3.12.1",
              "default": true
            }
          ],
          "store_path": "/nix/store/grd1kybw5zssfmdchi0m37bpz8m1685n-sops-3.12.1"
        }
      }
    },
    "talosctl@1.12.3": {
      "last_modified": "2026-02-23T15:40:43Z",
      "resolved": "github:NixOS/nixpkgs/80d901ec0377e19ac3f7bb8c035201e2e098cc97#talosctl",
      "source": "devbox-search",
      "version": "1.12.3",
      "systems": {
        "aarch64-darwin": {
          "outputs": [
            {
              "name": "out",
              "path": "/nix/store/n2d329xc0zzh3f201qgb566cvqwdhm47-talosctl-1.12.3",
              "default": true
            }
          ],
          "store_path": "/nix/store/n2d329xc0zzh3f201qgb566cvqwdhm47-talosctl-1.12.3"
        },
        "aarch64-linux": {
          "outputs": [
            {
              "name": "out",
              "path": "/nix/store/qk0j5lh8j5wla030n8c5r8w6aindljch-talosctl-1.12.3",
              "default": true
            }
          ],
          "store_path": "/nix/store/qk0j5lh8j5wla030n8c5r8w6aindljch-talosctl-1.12.3"
        },
        "x86_64-darwin": {
          "outputs": [
            {
              "name": "out",
              "path": "/nix/store/vyri75qw41wqm05mhgaf7cy5c93l6mgf-talosctl-1.12.3",
              "default": true
            }
          ],
          "store_path": "/nix/store/vyri75qw41wqm05mhgaf7cy5c93l6mgf-talosctl-1.12.3"
        },
        "x86_64-linux": {
          "outputs": [
            {
              "name": "out",
              "path": "/nix/store/jyy65mgwxrlhlp5gb6gi15h4skzxvclq-talosctl-1.12.3",
              "default": true
            }
          ],
          "store_path": "/nix/store/jyy65mgwxrlhlp5gb6gi15h4skzxvclq-talosctl-1.12.3"
        }
      }
    },
    "yq-go@4.52.4": {
      "last_modified": "2026-02-23T15:40:43Z",
      "resolved": "github:NixOS/nixpkgs/80d901ec0377e19ac3f7bb8c035201e2e098cc97#yq-go",
      "source": "devbox-search",
      "version": "4.52.4",
      "systems": {
        "aarch64-darwin": {
          "outputs": [
            {
              "name": "out",
              "path": "/nix/store/pylgx3h8185sds4pclpzrsj6d4kx9ixq-yq-go-4.52.4",
              "default": true
            }
          ],
          "store_path": "/nix/store/pylgx3h8185sds4pclpzrsj6d4kx9ixq-yq-go-4.52.4"
        },
        "aarch64-linux": {
          "outputs": [
            {
              "name": "out",
              "path": "/nix/store/l4i5y4brr6f45y5pia48rx1n17q0a1kr-yq-go-4.52.4",
              "default": true
            }
          ],
          "store_path": "/nix/store/l4i5y4brr6f45y5pia48rx1n17q0a1kr-yq-go-4.52.4"
        },
        "x86_64-darwin": {
          "outputs": [
            {
              "name": "out",
              "path": "/nix/store/yw52il24d58bz6516da8y0c8iwv8ckcv-yq-go-4.52.4",
              "default": true
            }
          ],
          "store_path": "/nix/store/yw52il24d58bz6516da8y0c8iwv8ckcv-yq-go-4.52.4"
        },
        "x86_64-linux": {
          "outputs": [
            {
              "name": "out",
              "path": "/nix/store/rjic2hjhbmlch7vj3dnpfc5gppg9l654-yq-go-4.52.4",
              "default": true
            }
          ],
          "store_path": "/nix/store/rjic2hjhbmlch7vj3dnpfc5gppg9l654-yq-go-4.52.4"
        }
      }
    }
  }
}
