{
  "lockfile_version": "1",
  "packages": {
    "age@1.3.1": {
      "last_modified": "2025-12-29T08:23:14Z",
      "resolved": "github:NixOS/nixpkgs/0744ef1b047f07d31d9962d757ffe38ec14a4d41#age",
      "source": "devbox-search",
      "version": "1.3.1",
      "systems": {
        "aarch64-darwin": {
          "outputs": [
            {
              "name": "out",
              "path": "/nix/store/aw4hr1axdgp4iq3dr9k4bsh18xzpc5zh-age-1.3.1",
              "default": true
            }
          ],
          "store_path": "/nix/store/aw4hr1axdgp4iq3dr9k4bsh18xzpc5zh-age-1.3.1"
        },
        "aarch64-linux": {
          "outputs": [
            {
              "name": "out",
              "path": "/nix/store/n05awjj65865halanavnj0rsirpx0xhl-age-1.3.1",
              "default": true
            }
          ],
          "store_path": "/nix/store/n05awjj65865halanavnj0rsirpx0xhl-age-1.3.1"
        },
        "x86_64-darwin": {
          "outputs": [
            {
              "name": "out",
              "path": "/nix/store/bzwda54xyq9l4985mvab256f9cqvn6kw-age-1.3.1",
              "default": true
            }
          ],
          "store_path": "/nix/store/bzwda54xyq9l4985mvab256f9cqvn6kw-age-1.3.1"
        },
        "x86_64-linux": {
          "outputs": [
            {
              "name": "out",
              "path": "/nix/store/w2v8djxbzd673lixvi7crvgvgws3v76v-age-1.3.1",
              "default": true
            }
          ],
          "store_path": "/nix/store/w2v8djxbzd673lixvi7crvgvgws3v76v-age-1.3.1"
        }
      }
    },
    "cilium-cli@0.18.8": {
      "last_modified": "2025-11-23T21:50:36Z",
      "resolved": "github:NixOS/nixpkgs/ee09932cedcef15aaf476f9343d1dea2cb77e261#cilium-cli",
      "source": "devbox-search",
      "version": "0.18.8",
      "systems": {
        "aarch64-darwin": {
          "outputs": [
            {
              "name": "out",
              "path": "/nix/store/arrn3yh7cf7rp8ydqh1w60ry5wb9c6nh-cilium-cli-0.18.8",
              "default": true
            }
          ],
          "store_path": "/nix/store/arrn3yh7cf7rp8ydqh1w60ry5wb9c6nh-cilium-cli-0.18.8"
        },
        "aarch64-linux": {
          "outputs": [
            {
              "name": "out",
              "path": "/nix/store/qahfw3s2gn3ggalgwp2h9y667m5fr5xr-cilium-cli-0.18.8",
              "default": true
            }
          ],
          "store_path": "/nix/store/qahfw3s2gn3ggalgwp2h9y667m5fr5xr-cilium-cli-0.18.8"
        },
        "x86_64-darwin": {
          "outputs": [
            {
              "name": "out",
              "path": "/nix/store/ljdqda5fvrvc5fln0g9rcyfpj65f02rf-cilium-cli-0.18.8",
              "default": true
            }
          ],
          "store_path": "/nix/store/ljdqda5fvrvc5fln0g9rcyfpj65f02rf-cilium-cli-0.18.8"
        },
        "x86_64-linux": {
          "outputs": [
            {
              "name": "out",
              "path": "/nix/store/rbn2sksain1wzmxjjfpmc0slkdhbbb36-cilium-cli-0.18.8",
              "default": true
            }
          ],
          "store_path": "/nix/store/rbn2sksain1wzmxjjfpmc0slkdhbbb36-cilium-cli-0.18.8"
        }
      }
    },
    "cosign@3.0.4": {
      "last_modified": "2026-01-10T08:02:33Z",
      "resolved": "github:NixOS/nixpkgs/3146c6aa9995e7351a398e17470e15305e6e18ff#cosign",
      "source": "devbox-search",
      "version": "3.0.4",
      "systems": {
        "aarch64-darwin": {
          "outputs": [
            {
              "name": "out",
              "path": "/nix/store/xc53rp5gxbllz3cdrmg8qmwvk8xplcqf-cosign-3.0.4",
              "default": true
            }
          ],
          "store_path": "/nix/store/xc53rp5gxbllz3cdrmg8qmwvk8xplcqf-cosign-3.0.4"
        },
        "aarch64-linux": {
          "outputs": [
            {
              "name": "out",
              "path": "/nix/store/d798mqmr325akjimh84ghxcqbjxz0nwh-cosign-3.0.4",
              "default": true
            }
          ],
          "store_path": "/nix/store/d798mqmr325akjimh84ghxcqbjxz0nwh-cosign-3.0.4"
        },
        "x86_64-darwin": {
          "outputs": [
            {
              "name": "out",
              "path": "/nix/store/fi4qvgx442k8s25g2mf42jl8dijp27xc-cosign-3.0.4",
              "default": true
            }
          ],
          "store_path": "/nix/store/fi4qvgx442k8s25g2mf42jl8dijp27xc-cosign-3.0.4"
        },
        "x86_64-linux": {
          "outputs": [
            {
              "name": "out",
              "path": "/nix/store/w2qx185r4cd3q4bijmdkkhrn6dryiqvb-cosign-3.0.4",
              "default": true
            }
          ],
          "store_path": "/nix/store/w2qx185r4cd3q4bijmdkkhrn6dryiqvb-cosign-3.0.4"
        }
      }
    },
    "fluxcd@2.7.5": {
      "last_modified": "2025-12-03T03:51:48Z",
      "resolved": "github:NixOS/nixpkgs/cadcc8de247676e4751c9d4a935acb2c0b059113#fluxcd",
      "source": "devbox-search",
      "version": "2.7.5",
      "systems": {
        "aarch64-darwin": {
          "outputs": [
            {
              "name": "out",
              "path": "/nix/store/fpbq0wq1anzw05syjp8g89kvki6a7w7f-fluxcd-2.7.5",
              "default": true
            }
          ],
          "store_path": "/nix/store/fpbq0wq1anzw05syjp8g89kvki6a7w7f-fluxcd-2.7.5"
        },
        "aarch64-linux": {
          "outputs": [
            {
              "name": "out",
              "path": "/nix/store/b5chqp1b7v3dalrf2y9mp022xjl4mya6-fluxcd-2.7.5",
              "default": true
            }
          ],
          "store_path": "/nix/store/b5chqp1b7v3dalrf2y9mp022xjl4mya6-fluxcd-2.7.5"
        },
        "x86_64-darwin": {
          "outputs": [
            {
              "name": "out",
              "path": "/nix/store/78kbb0rlxbfsp1glzp7c78qczcy1wgcm-fluxcd-2.7.5",
              "default": true
            }
          ],
          "store_path": "/nix/store/78kbb0rlxbfsp1glzp7c78qczcy1wgcm-fluxcd-2.7.5"
        },
        "x86_64-linux": {
          "outputs": [
            {
              "name": "out",
              "path": "/nix/store/ymnq3v3pgca5cwhcdk2r990i9n2j6hhq-fluxcd-2.7.5",
              "default": true
            }
          ],
          "store_path": "/nix/store/ymnq3v3pgca5cwhcdk2r990i9n2j6hhq-fluxcd-2.7.5"
        }
      }
    },
    "github:NixOS/nixpkgs/nixpkgs-unstable": {
      "last_modified": "2025-10-08T10:03:27Z",
      "resolved": "github:NixOS/nixpkgs/fb5cf53218b987f2703a5bbc292a030c0fe33443?lastModified=1759917807&narHash=sha256-WoSazth5EXIJmveWf0zbTMycrgpbLYOth6KhmltMuv0%3D"
    },
    "gitsign@0.13.0": {
      "last_modified": "2025-10-07T08:41:47Z",
      "resolved": "github:NixOS/nixpkgs/bce5fe2bb998488d8e7e7856315f90496723793c#gitsign",
      "source": "devbox-search",
      "version": "0.13.0",
      "systems": {
        "aarch64-darwin": {
          "outputs": [
            {
              "name": "out",
              "path": "/nix/store/gvsfhjafi7gzfp66mvyw5rw73i1gi94w-gitsign-0.13.0",
              "default": true
            }
          ],
          "store_path": "/nix/store/gvsfhjafi7gzfp66mvyw5rw73i1gi94w-gitsign-0.13.0"
        },
        "aarch64-linux": {
          "outputs": [
            {
              "name": "out",
              "path": "/nix/store/4zqbir2br6r01l5gq3mh4z3r4rvw8xql-gitsign-0.13.0",
              "default": true
            }
          ],
          "store_path": "/nix/store/4zqbir2br6r01l5gq3mh4z3r4rvw8xql-gitsign-0.13.0"
        },
        "x86_64-darwin": {
          "outputs": [
            {
              "name": "out",
              "path": "/nix/store/1lcvddpa9abb7fjg0fqk94knbrdxad20-gitsign-0.13.0",
              "default": true
            }
          ],
          "store_path": "/nix/store/1lcvddpa9abb7fjg0fqk94knbrdxad20-gitsign-0.13.0"
        },
        "x86_64-linux": {
          "outputs": [
            {
              "name": "out",
              "path": "/nix/store/hl1ikhpqnzp8g72xav8f1j2r9szwqgad-gitsign-0.13.0",
              "default": true
            }
          ],
          "store_path": "/nix/store/hl1ikhpqnzp8g72xav8f1j2r9szwqgad-gitsign-0.13.0"
        }
      }
    },
    "hubble@1.18.5": {
      "last_modified": "2026-01-16T13:18:18Z",
      "resolved": "github:NixOS/nixpkgs/be5afa0fcb31f0a96bf9ecba05a516c66fcd8114#hubble",
      "source": "devbox-search",
      "version": "1.18.5",
      "systems": {
        "aarch64-darwin": {
          "outputs": [
            {
              "name": "out",
              "path": "/nix/store/xrhipjfjz2pamindkk6nbkhc2xz778hp-hubble-1.18.5",
              "default": true
            }
          ],
          "store_path": "/nix/store/xrhipjfjz2pamindkk6nbkhc2xz778hp-hubble-1.18.5"
        },
        "aarch64-linux": {
          "outputs": [
            {
              "name": "out",
              "path": "/nix/store/vcw0gr9mrzmb73szvhh4fn70ds5s42x5-hubble-1.18.5",
              "default": true
            }
          ],
          "store_path": "/nix/store/vcw0gr9mrzmb73szvhh4fn70ds5s42x5-hubble-1.18.5"
        },
        "x86_64-darwin": {
          "outputs": [
            {
              "name": "out",
              "path": "/nix/store/446whd68s669zbbm7hy23bac86g9zipc-hubble-1.18.5",
              "default": true
            }
          ],
          "store_path": "/nix/store/446whd68s669zbbm7hy23bac86g9zipc-hubble-1.18.5"
        },
        "x86_64-linux": {
          "outputs": [
            {
              "name": "out",
              "path": "/nix/store/mwqy072ky4k4ja1khal05f8ifxy0lrz0-hubble-1.18.5",
              "default": true
            }
          ],
          "store_path": "/nix/store/mwqy072ky4k4ja1khal05f8ifxy0lrz0-hubble-1.18.5"
        }
      }
    },
    "kubectl@1.35.0": {
      "last_modified": "2026-01-09T13:41:53Z",
      "resolved": "github:NixOS/nixpkgs/5f02c91314c8ba4afe83b256b023756412218535#kubectl",
      "source": "devbox-search",
      "version": "1.35.0",
      "systems": {
        "aarch64-darwin": {
          "outputs": [
            {
              "name": "out",
              "path": "/nix/store/1pmn1vxfffzz5mxj3h0ijzpsynq50l5g-kubectl-1.35.0",
              "default": true
            },
            {
              "name": "man",
              "path": "/nix/store/hh6nircg2v5iickmqfyx469f69rj0kag-kubectl-1.35.0-man",
              "default": true
            },
            {
              "name": "convert",
              "path": "/nix/store/z72fbf5mxilrrlsfvdacxbw27k0gszdf-kubectl-1.35.0-convert"
            }
          ],
          "store_path": "/nix/store/1pmn1vxfffzz5mxj3h0ijzpsynq50l5g-kubectl-1.35.0"
        },
        "aarch64-linux": {
          "outputs": [
            {
              "name": "out",
              "path": "/nix/store/fj8rhz380v89c3mq3br9ipislabppj4c-kubectl-1.35.0",
              "default": true
            },
            {
              "name": "man",
              "path": "/nix/store/hawgdz85f9qq9nalyq4nbrjbjw1f3356-kubectl-1.35.0-man",
              "default": true
            },
            {
              "name": "convert",
              "path": "/nix/store/dv5kh8sv8q3kkzcw4lnbkknm2pzxv5ig-kubectl-1.35.0-convert"
            }
          ],
          "store_path": "/nix/store/fj8rhz380v89c3mq3br9ipislabppj4c-kubectl-1.35.0"
        },
        "x86_64-darwin": {
          "outputs": [
            {
              "name": "out",
              "path": "/nix/store/d3gm9hvgbdhin2jh7nd8gwrf90jlmsw7-kubectl-1.35.0",
              "default": true
            },
            {
              "name": "man",
              "path": "/nix/store/za9ay0cna5hcqqmdk0flwinkd882997n-kubectl-1.35.0-man",
              "default": true
            },
            {
              "name": "convert",
              "path": "/nix/store/5r5vrq35nbcp8wgflvwmigvr6iqx85n5-kubectl-1.35.0-convert"
            }
          ],
          "store_path": "/nix/store/d3gm9hvgbdhin2jh7nd8gwrf90jlmsw7-kubectl-1.35.0"
        },
        "x86_64-linux": {
          "outputs": [
            {
              "name": "out",
              "path": "/nix/store/bbnq3nrmlhq0yjfhw84ciscpbr6hsb3b-kubectl-1.35.0",
              "default": true
            },
            {
              "name": "man",
              "path": "/nix/store/mnm7km6ik2x0pfhnylfm06vgxqvc78k0-kubectl-1.35.0-man",
              "default": true
            },
            {
              "name": "convert",
              "path": "/nix/store/c88x5qq16ih9i7iv4zyx81w2zijqzmlf-kubectl-1.35.0-convert"
            }
          ],
          "store_path": "/nix/store/bbnq3nrmlhq0yjfhw84ciscpbr6hsb3b-kubectl-1.35.0"
        }
      }
    },
    "kubernetes-helm@3.19.1": {
      "last_modified": "2025-11-23T21:50:36Z",
      "resolved": "github:NixOS/nixpkgs/ee09932cedcef15aaf476f9343d1dea2cb77e261#kubernetes-helm",
      "source": "devbox-search",
      "version": "3.19.1",
      "systems": {
        "aarch64-darwin": {
          "outputs": [
            {
              "name": "out",
              "path": "/nix/store/xx21h4bmbmhncdlhw5q7gp3wx50x0y5g-kubernetes-helm-3.19.1",
              "default": true
            }
          ],
          "store_path": "/nix/store/xx21h4bmbmhncdlhw5q7gp3wx50x0y5g-kubernetes-helm-3.19.1"
        },
        "aarch64-linux": {
          "outputs": [
            {
              "name": "out",
              "path": "/nix/store/s702f0l23v078mm6jkrbc7bx0qpjrzwm-kubernetes-helm-3.19.1",
              "default": true
            }
          ],
          "store_path": "/nix/store/s702f0l23v078mm6jkrbc7bx0qpjrzwm-kubernetes-helm-3.19.1"
        },
        "x86_64-darwin": {
          "outputs": [
            {
              "name": "out",
              "path": "/nix/store/z2is6ibqddfxx8mb1hybly00hb902h85-kubernetes-helm-3.19.1",
              "default": true
            }
          ],
          "store_path": "/nix/store/z2is6ibqddfxx8mb1hybly00hb902h85-kubernetes-helm-3.19.1"
        },
        "x86_64-linux": {
          "outputs": [
            {
              "name": "out",
              "path": "/nix/store/b7g7s0jpfs93g7s1b556166mcswbkmcx-kubernetes-helm-3.19.1",
              "default": true
            }
          ],
          "store_path": "/nix/store/b7g7s0jpfs93g7s1b556166mcswbkmcx-kubernetes-helm-3.19.1"
        }
      }
    },
    "opentofu@1.11.3": {
      "last_modified": "2026-01-14T04:14:06Z",
      "resolved": "github:NixOS/nixpkgs/ea30586ee015f37f38783006a9bc9e4aa64d7d61#opentofu",
      "source": "devbox-search",
      "version": "1.11.3",
      "systems": {
        "aarch64-darwin": {
          "outputs": [
            {
              "name": "out",
              "path": "/nix/store/8rfqngidr74zdnjqgxm0d2ph4nymvz8j-opentofu-1.11.3",
              "default": true
            }
          ],
          "store_path": "/nix/store/8rfqngidr74zdnjqgxm0d2ph4nymvz8j-opentofu-1.11.3"
        },
        "aarch64-linux": {
          "outputs": [
            {
              "name": "out",
              "path": "/nix/store/x9g4gd8jlp06zf21qlb0vxaby44qhfgj-opentofu-1.11.3",
              "default": true
            }
          ],
          "store_path": "/nix/store/x9g4gd8jlp06zf21qlb0vxaby44qhfgj-opentofu-1.11.3"
        },
        "x86_64-darwin": {
          "outputs": [
            {
              "name": "out",
              "path": "/nix/store/msr7cqwjia46gb57ynldcxfaqwz9mz6s-opentofu-1.11.3",
              "default": true
            }
          ],
          "store_path": "/nix/store/msr7cqwjia46gb57ynldcxfaqwz9mz6s-opentofu-1.11.3"
        },
        "x86_64-linux": {
          "outputs": [
            {
              "name": "out",
              "path": "/nix/store/a333xnpvghzz986scr9rnwskm4ch0l9v-opentofu-1.11.3",
              "default": true
            }
          ],
          "store_path": "/nix/store/a333xnpvghzz986scr9rnwskm4ch0l9v-opentofu-1.11.3"
        }
      }
    },
    "rclone@1.72.1": {
      "last_modified": "2025-12-31T03:27:36Z",
      "resolved": "github:NixOS/nixpkgs/f665af0cdb70ed27e1bd8f9fdfecaf451260fc55#rclone",
      "source": "devbox-search",
      "version": "1.72.1",
      "systems": {
        "aarch64-darwin": {
          "outputs": [
            {
              "name": "out",
              "path": "/nix/store/hd2acpkq1byvcq8vx2349y2ad6hsdz58-rclone-1.72.1",
              "default": true
            },
            {
              "name": "man",
              "path": "/nix/store/3s1ynmldnhkhd9brzc1vsrwfrgh8vzsi-rclone-1.72.1-man",
              "default": true
            }
          ],
          "store_path": "/nix/store/hd2acpkq1byvcq8vx2349y2ad6hsdz58-rclone-1.72.1"
        },
        "aarch64-linux": {
          "outputs": [
            {
              "name": "out",
              "path": "/nix/store/37ymwpijb2rl13dvxaxb9s6j4qivfvky-rclone-1.72.1",
              "default": true
            },
            {
              "name": "man",
              "path": "/nix/store/13k7axncvyyv0l0ynbhjhfi1yad9f85b-rclone-1.72.1-man",
              "default": true
            }
          ],
          "store_path": "/nix/store/37ymwpijb2rl13dvxaxb9s6j4qivfvky-rclone-1.72.1"
        },
        "x86_64-darwin": {
          "outputs": [
            {
              "name": "out",
              "path": "/nix/store/1q8qx7kjb6c3byjq3j405jq8mggsah6s-rclone-1.72.1",
              "default": true
            },
            {
              "name": "man",
              "path": "/nix/store/3fl4g23cm0byakcpbjdjrsna7wjl3vxk-rclone-1.72.1-man",
              "default": true
            }
          ],
          "store_path": "/nix/store/1q8qx7kjb6c3byjq3j405jq8mggsah6s-rclone-1.72.1"
        },
        "x86_64-linux": {
          "outputs": [
            {
              "name": "out",
              "path": "/nix/store/vhlwz784cmrsw4wbyzkxvj40jp05sd08-rclone-1.72.1",
              "default": true
            },
            {
              "name": "man",
              "path": "/nix/store/56hrn5gxzrs2vy4r43m9nf83zgq6khp4-rclone-1.72.1-man",
              "default": true
            }
          ],
          "store_path": "/nix/store/vhlwz784cmrsw4wbyzkxvj40jp05sd08-rclone-1.72.1"
        }
      }
    },
    "shellspec@0.28.1": {
      "last_modified": "2025-10-07T08:41:47Z",
      "resolved": "github:NixOS/nixpkgs/bce5fe2bb998488d8e7e7856315f90496723793c#shellspec",
      "source": "devbox-search",
      "version": "0.28.1",
      "systems": {
        "aarch64-darwin": {
          "outputs": [
            {
              "name": "out",
              "path": "/nix/store/wh39byc9ahwmh7nfywpj3cwxfanm3jlm-shellspec-0.28.1",
              "default": true
            }
          ],
          "store_path": "/nix/store/wh39byc9ahwmh7nfywpj3cwxfanm3jlm-shellspec-0.28.1"
        },
        "aarch64-linux": {
          "outputs": [
            {
              "name": "out",
              "path": "/nix/store/r56994y9bzjaxxm96r1jmsf5cggi22b9-shellspec-0.28.1",
              "default": true
            }
          ],
          "store_path": "/nix/store/r56994y9bzjaxxm96r1jmsf5cggi22b9-shellspec-0.28.1"
        },
        "x86_64-darwin": {
          "outputs": [
            {
              "name": "out",
              "path": "/nix/store/h1zpw024ra10jidhrp85278hg2nj9p5x-shellspec-0.28.1",
              "default": true
            }
          ],
          "store_path": "/nix/store/h1zpw024ra10jidhrp85278hg2nj9p5x-shellspec-0.28.1"
        },
        "x86_64-linux": {
          "outputs": [
            {
              "name": "out",
              "path": "/nix/store/xy4rh9axm41di5s33s4rq1agr4ffc6nr-shellspec-0.28.1",
              "default": true
            }
          ],
          "store_path": "/nix/store/xy4rh9axm41di5s33s4rq1agr4ffc6nr-shellspec-0.28.1"
        }
      }
    },
    "sops@3.11.0": {
      "last_modified": "2025-10-22T20:59:19Z",
      "resolved": "github:NixOS/nixpkgs/01b6809f7f9d1183a2b3e081f0a1e6f8f415cb09#sops",
      "source": "devbox-search",
      "version": "3.11.0",
      "systems": {
        "aarch64-darwin": {
          "outputs": [
            {
              "name": "out",
              "path": "/nix/store/qwlq3d2n8jf854156ibrrgsxgid6ia03-sops-3.11.0",
              "default": true
            }
          ],
          "store_path": "/nix/store/qwlq3d2n8jf854156ibrrgsxgid6ia03-sops-3.11.0"
        },
        "aarch64-linux": {
          "outputs": [
            {
              "name": "out",
              "path": "/nix/store/lh7cq23r56wwvi21fmvrhywrs1ns4lcn-sops-3.11.0",
              "default": true
            }
          ],
          "store_path": "/nix/store/lh7cq23r56wwvi21fmvrhywrs1ns4lcn-sops-3.11.0"
        },
        "x86_64-darwin": {
          "outputs": [
            {
              "name": "out",
              "path": "/nix/store/shc2cp6jd1vjl9m8p4d2rq06h7w6jdrb-sops-3.11.0",
              "default": true
            }
          ],
          "store_path": "/nix/store/shc2cp6jd1vjl9m8p4d2rq06h7w6jdrb-sops-3.11.0"
        },
        "x86_64-linux": {
          "outputs": [
            {
              "name": "out",
              "path": "/nix/store/n0s88igzv2shfkmx0i8xa9qr3rav1vzp-sops-3.11.0",
              "default": true
            }
          ],
          "store_path": "/nix/store/n0s88igzv2shfkmx0i8xa9qr3rav1vzp-sops-3.11.0"
        }
      }
    },
    "talosctl@1.12.0": {
      "last_modified": "2025-12-29T08:23:14Z",
      "resolved": "github:NixOS/nixpkgs/0744ef1b047f07d31d9962d757ffe38ec14a4d41#talosctl",
      "source": "devbox-search",
      "version": "1.12.0",
      "systems": {
        "aarch64-darwin": {
          "outputs": [
            {
              "name": "out",
              "path": "/nix/store/kc2vwn8fc12ni7dcq801vmgwgb7v9gzw-talosctl-1.12.0",
              "default": true
            }
          ],
          "store_path": "/nix/store/kc2vwn8fc12ni7dcq801vmgwgb7v9gzw-talosctl-1.12.0"
        },
        "aarch64-linux": {
          "outputs": [
            {
              "name": "out",
              "path": "/nix/store/zr1sbl62xp02s3vgmnpjjzlxl0y92dsw-talosctl-1.12.0",
              "default": true
            }
          ],
          "store_path": "/nix/store/zr1sbl62xp02s3vgmnpjjzlxl0y92dsw-talosctl-1.12.0"
        },
        "x86_64-darwin": {
          "outputs": [
            {
              "name": "out",
              "path": "/nix/store/jy03snamlc5jd1i9pbvmp84b51l294b8-talosctl-1.12.0",
              "default": true
            }
          ],
          "store_path": "/nix/store/jy03snamlc5jd1i9pbvmp84b51l294b8-talosctl-1.12.0"
        },
        "x86_64-linux": {
          "outputs": [
            {
              "name": "out",
              "path": "/nix/store/9mbfid8nk48v7lrasw0ypivwr31mhvr2-talosctl-1.12.0",
              "default": true
            }
          ],
          "store_path": "/nix/store/9mbfid8nk48v7lrasw0ypivwr31mhvr2-talosctl-1.12.0"
        }
      }
    },
    "yq-go@4.50.1": {
      "last_modified": "2025-12-15T04:22:15Z",
      "resolved": "github:NixOS/nixpkgs/09b8fda8959d761445f12b55f380d90375a1d6bb#yq-go",
      "source": "devbox-search",
      "version": "4.50.1",
      "systems": {
        "aarch64-darwin": {
          "outputs": [
            {
              "name": "out",
              "path": "/nix/store/3y3aq58bp35iwxlbkz3d91sph50wlmls-yq-go-4.50.1",
              "default": true
            }
          ],
          "store_path": "/nix/store/3y3aq58bp35iwxlbkz3d91sph50wlmls-yq-go-4.50.1"
        },
        "aarch64-linux": {
          "outputs": [
            {
              "name": "out",
              "path": "/nix/store/1yfc76bww15qsvsqmry8k9glkql2r0z0-yq-go-4.50.1",
              "default": true
            }
          ],
          "store_path": "/nix/store/1yfc76bww15qsvsqmry8k9glkql2r0z0-yq-go-4.50.1"
        },
        "x86_64-darwin": {
          "outputs": [
            {
              "name": "out",
              "path": "/nix/store/rmyvyk5shq34zpsc8g31d0q71k75izbr-yq-go-4.50.1",
              "default": true
            }
          ],
          "store_path": "/nix/store/rmyvyk5shq34zpsc8g31d0q71k75izbr-yq-go-4.50.1"
        },
        "x86_64-linux": {
          "outputs": [
            {
              "name": "out",
              "path": "/nix/store/q19pyndq69l2ca6vcazj0bjhzfpd1kyj-yq-go-4.50.1",
              "default": true
            }
          ],
          "store_path": "/nix/store/q19pyndq69l2ca6vcazj0bjhzfpd1kyj-yq-go-4.50.1"
        }
      }
    }
  }
}
