{
  "lockfile_version": "1",
  "packages": {
    "age@1.3.1": {
      "last_modified": "2025-12-29T08:23:14Z",
      "resolved": "github:NixOS/nixpkgs/0744ef1b047f07d31d9962d757ffe38ec14a4d41#age",
      "source": "devbox-search",
      "version": "1.3.1",
      "systems": {
        "aarch64-darwin": {
          "outputs": [
            {
              "name": "out",
              "path": "/nix/store/aw4hr1axdgp4iq3dr9k4bsh18xzpc5zh-age-1.3.1",
              "default": true
            }
          ],
          "store_path": "/nix/store/aw4hr1axdgp4iq3dr9k4bsh18xzpc5zh-age-1.3.1"
        },
        "aarch64-linux": {
          "outputs": [
            {
              "name": "out",
              "path": "/nix/store/n05awjj65865halanavnj0rsirpx0xhl-age-1.3.1",
              "default": true
            }
          ],
          "store_path": "/nix/store/n05awjj65865halanavnj0rsirpx0xhl-age-1.3.1"
        },
        "x86_64-darwin": {
          "outputs": [
            {
              "name": "out",
              "path": "/nix/store/bzwda54xyq9l4985mvab256f9cqvn6kw-age-1.3.1",
              "default": true
            }
          ],
          "store_path": "/nix/store/bzwda54xyq9l4985mvab256f9cqvn6kw-age-1.3.1"
        },
        "x86_64-linux": {
          "outputs": [
            {
              "name": "out",
              "path": "/nix/store/w2v8djxbzd673lixvi7crvgvgws3v76v-age-1.3.1",
              "default": true
            }
          ],
          "store_path": "/nix/store/w2v8djxbzd673lixvi7crvgvgws3v76v-age-1.3.1"
        }
      }
    },
    "cilium-cli@0.18.8": {
      "last_modified": "2025-11-23T21:50:36Z",
      "resolved": "github:NixOS/nixpkgs/ee09932cedcef15aaf476f9343d1dea2cb77e261#cilium-cli",
      "source": "devbox-search",
      "version": "0.18.8",
      "systems": {
        "aarch64-darwin": {
          "outputs": [
            {
              "name": "out",
              "path": "/nix/store/arrn3yh7cf7rp8ydqh1w60ry5wb9c6nh-cilium-cli-0.18.8",
              "default": true
            }
          ],
          "store_path": "/nix/store/arrn3yh7cf7rp8ydqh1w60ry5wb9c6nh-cilium-cli-0.18.8"
        },
        "aarch64-linux": {
          "outputs": [
            {
              "name": "out",
              "path": "/nix/store/qahfw3s2gn3ggalgwp2h9y667m5fr5xr-cilium-cli-0.18.8",
              "default": true
            }
          ],
          "store_path": "/nix/store/qahfw3s2gn3ggalgwp2h9y667m5fr5xr-cilium-cli-0.18.8"
        },
        "x86_64-darwin": {
          "outputs": [
            {
              "name": "out",
              "path": "/nix/store/ljdqda5fvrvc5fln0g9rcyfpj65f02rf-cilium-cli-0.18.8",
              "default": true
            }
          ],
          "store_path": "/nix/store/ljdqda5fvrvc5fln0g9rcyfpj65f02rf-cilium-cli-0.18.8"
        },
        "x86_64-linux": {
          "outputs": [
            {
              "name": "out",
              "path": "/nix/store/rbn2sksain1wzmxjjfpmc0slkdhbbb36-cilium-cli-0.18.8",
              "default": true
            }
          ],
          "store_path": "/nix/store/rbn2sksain1wzmxjjfpmc0slkdhbbb36-cilium-cli-0.18.8"
        }
      }
    },
    "cosign@3.0.3": {
      "last_modified": "2025-12-11T04:04:52Z",
      "resolved": "github:NixOS/nixpkgs/5d6bdbddb4695a62f0d00a3620b37a15275a5093#cosign",
      "source": "devbox-search",
      "version": "3.0.3",
      "systems": {
        "aarch64-darwin": {
          "outputs": [
            {
              "name": "out",
              "path": "/nix/store/chvimrx6f3ynv14hjzr09b52cljlii0g-cosign-3.0.3",
              "default": true
            }
          ],
          "store_path": "/nix/store/chvimrx6f3ynv14hjzr09b52cljlii0g-cosign-3.0.3"
        },
        "aarch64-linux": {
          "outputs": [
            {
              "name": "out",
              "path": "/nix/store/9jgglk514sgwa59ida4ix7a6988qw9k0-cosign-3.0.3",
              "default": true
            }
          ],
          "store_path": "/nix/store/9jgglk514sgwa59ida4ix7a6988qw9k0-cosign-3.0.3"
        },
        "x86_64-darwin": {
          "outputs": [
            {
              "name": "out",
              "path": "/nix/store/a5grrxkgsdvij4m19azpx09c50ji094y-cosign-3.0.3",
              "default": true
            }
          ],
          "store_path": "/nix/store/a5grrxkgsdvij4m19azpx09c50ji094y-cosign-3.0.3"
        },
        "x86_64-linux": {
          "outputs": [
            {
              "name": "out",
              "path": "/nix/store/zac3r1gzdr3hpzlwyivvgjf1kg94iybh-cosign-3.0.3",
              "default": true
            }
          ],
          "store_path": "/nix/store/zac3r1gzdr3hpzlwyivvgjf1kg94iybh-cosign-3.0.3"
        }
      }
    },
    "fluxcd@2.7.5": {
      "last_modified": "2025-12-03T03:51:48Z",
      "resolved": "github:NixOS/nixpkgs/cadcc8de247676e4751c9d4a935acb2c0b059113#fluxcd",
      "source": "devbox-search",
      "version": "2.7.5",
      "systems": {
        "aarch64-darwin": {
          "outputs": [
            {
              "name": "out",
              "path": "/nix/store/fpbq0wq1anzw05syjp8g89kvki6a7w7f-fluxcd-2.7.5",
              "default": true
            }
          ],
          "store_path": "/nix/store/fpbq0wq1anzw05syjp8g89kvki6a7w7f-fluxcd-2.7.5"
        },
        "aarch64-linux": {
          "outputs": [
            {
              "name": "out",
              "path": "/nix/store/b5chqp1b7v3dalrf2y9mp022xjl4mya6-fluxcd-2.7.5",
              "default": true
            }
          ],
          "store_path": "/nix/store/b5chqp1b7v3dalrf2y9mp022xjl4mya6-fluxcd-2.7.5"
        },
        "x86_64-darwin": {
          "outputs": [
            {
              "name": "out",
              "path": "/nix/store/78kbb0rlxbfsp1glzp7c78qczcy1wgcm-fluxcd-2.7.5",
              "default": true
            }
          ],
          "store_path": "/nix/store/78kbb0rlxbfsp1glzp7c78qczcy1wgcm-fluxcd-2.7.5"
        },
        "x86_64-linux": {
          "outputs": [
            {
              "name": "out",
              "path": "/nix/store/ymnq3v3pgca5cwhcdk2r990i9n2j6hhq-fluxcd-2.7.5",
              "default": true
            }
          ],
          "store_path": "/nix/store/ymnq3v3pgca5cwhcdk2r990i9n2j6hhq-fluxcd-2.7.5"
        }
      }
    },
    "github:NixOS/nixpkgs/nixpkgs-unstable": {
      "last_modified": "2025-10-08T10:03:27Z",
      "resolved": "github:NixOS/nixpkgs/fb5cf53218b987f2703a5bbc292a030c0fe33443?lastModified=1759917807&narHash=sha256-WoSazth5EXIJmveWf0zbTMycrgpbLYOth6KhmltMuv0%3D"
    },
    "gitsign@0.13.0": {
      "last_modified": "2025-10-07T08:41:47Z",
      "resolved": "github:NixOS/nixpkgs/bce5fe2bb998488d8e7e7856315f90496723793c#gitsign",
      "source": "devbox-search",
      "version": "0.13.0",
      "systems": {
        "aarch64-darwin": {
          "outputs": [
            {
              "name": "out",
              "path": "/nix/store/gvsfhjafi7gzfp66mvyw5rw73i1gi94w-gitsign-0.13.0",
              "default": true
            }
          ],
          "store_path": "/nix/store/gvsfhjafi7gzfp66mvyw5rw73i1gi94w-gitsign-0.13.0"
        },
        "aarch64-linux": {
          "outputs": [
            {
              "name": "out",
              "path": "/nix/store/4zqbir2br6r01l5gq3mh4z3r4rvw8xql-gitsign-0.13.0",
              "default": true
            }
          ],
          "store_path": "/nix/store/4zqbir2br6r01l5gq3mh4z3r4rvw8xql-gitsign-0.13.0"
        },
        "x86_64-darwin": {
          "outputs": [
            {
              "name": "out",
              "path": "/nix/store/1lcvddpa9abb7fjg0fqk94knbrdxad20-gitsign-0.13.0",
              "default": true
            }
          ],
          "store_path": "/nix/store/1lcvddpa9abb7fjg0fqk94knbrdxad20-gitsign-0.13.0"
        },
        "x86_64-linux": {
          "outputs": [
            {
              "name": "out",
              "path": "/nix/store/hl1ikhpqnzp8g72xav8f1j2r9szwqgad-gitsign-0.13.0",
              "default": true
            }
          ],
          "store_path": "/nix/store/hl1ikhpqnzp8g72xav8f1j2r9szwqgad-gitsign-0.13.0"
        }
      }
    },
    "hubble@1.18.3": {
      "last_modified": "2025-12-03T03:51:48Z",
      "resolved": "github:NixOS/nixpkgs/cadcc8de247676e4751c9d4a935acb2c0b059113#hubble",
      "source": "devbox-search",
      "version": "1.18.3",
      "systems": {
        "aarch64-darwin": {
          "outputs": [
            {
              "name": "out",
              "path": "/nix/store/a0n9yig6m4qyfvrlp3581an0rahf9jlh-hubble-1.18.3",
              "default": true
            }
          ],
          "store_path": "/nix/store/a0n9yig6m4qyfvrlp3581an0rahf9jlh-hubble-1.18.3"
        },
        "aarch64-linux": {
          "outputs": [
            {
              "name": "out",
              "path": "/nix/store/zkm2m7ab5ipp7ap2f1qv2nk6cymhasw3-hubble-1.18.3",
              "default": true
            }
          ],
          "store_path": "/nix/store/zkm2m7ab5ipp7ap2f1qv2nk6cymhasw3-hubble-1.18.3"
        },
        "x86_64-darwin": {
          "outputs": [
            {
              "name": "out",
              "path": "/nix/store/s1shw2hvb9wi5a8zmq0szc9d270x2k5w-hubble-1.18.3",
              "default": true
            }
          ],
          "store_path": "/nix/store/s1shw2hvb9wi5a8zmq0szc9d270x2k5w-hubble-1.18.3"
        },
        "x86_64-linux": {
          "outputs": [
            {
              "name": "out",
              "path": "/nix/store/bps1kxrgxzbpb8d4vv0zdmnrw2511qyw-hubble-1.18.3",
              "default": true
            }
          ],
          "store_path": "/nix/store/bps1kxrgxzbpb8d4vv0zdmnrw2511qyw-hubble-1.18.3"
        }
      }
    },
    "kubectl@1.34.3": {
      "last_modified": "2025-12-16T16:49:59Z",
      "resolved": "github:NixOS/nixpkgs/e8d16d2186d6ed9f047eb30948e97e7e01886d10#kubectl",
      "source": "devbox-search",
      "version": "1.34.3",
      "systems": {
        "aarch64-darwin": {
          "outputs": [
            {
              "name": "out",
              "path": "/nix/store/wh7x3h048nvpnz9iv8m2wff57rcbns4h-kubectl-1.34.3",
              "default": true
            },
            {
              "name": "man",
              "path": "/nix/store/0z1gk04zvcpy5zm43j42p9sxdkx9gsap-kubectl-1.34.3-man",
              "default": true
            },
            {
              "name": "convert",
              "path": "/nix/store/sgjynqwjc1bzd9j90x50l1f4k8av0q7y-kubectl-1.34.3-convert"
            }
          ],
          "store_path": "/nix/store/wh7x3h048nvpnz9iv8m2wff57rcbns4h-kubectl-1.34.3"
        },
        "aarch64-linux": {
          "outputs": [
            {
              "name": "out",
              "path": "/nix/store/sm68c4d3gg7sch2fpa3ilmlxilqm9525-kubectl-1.34.3",
              "default": true
            },
            {
              "name": "man",
              "path": "/nix/store/d1ld1hbv276y9342aq4wa3x1mjfsd0wq-kubectl-1.34.3-man",
              "default": true
            },
            {
              "name": "convert",
              "path": "/nix/store/2s84f8b0y40879v5vxarlg8h5i6whjab-kubectl-1.34.3-convert"
            }
          ],
          "store_path": "/nix/store/sm68c4d3gg7sch2fpa3ilmlxilqm9525-kubectl-1.34.3"
        },
        "x86_64-darwin": {
          "outputs": [
            {
              "name": "out",
              "path": "/nix/store/4rbd3ml1ibkbp41vp23p3712m5ziqcfm-kubectl-1.34.3",
              "default": true
            },
            {
              "name": "man",
              "path": "/nix/store/k83zqin5j3879l38dly5w4nfg536p170-kubectl-1.34.3-man",
              "default": true
            },
            {
              "name": "convert",
              "path": "/nix/store/r9dni0s5zc9hka7zbi36jglqlj3n7bgm-kubectl-1.34.3-convert"
            }
          ],
          "store_path": "/nix/store/4rbd3ml1ibkbp41vp23p3712m5ziqcfm-kubectl-1.34.3"
        },
        "x86_64-linux": {
          "outputs": [
            {
              "name": "out",
              "path": "/nix/store/589b0djk7wn3k3chyzp9a6wi6al95wn1-kubectl-1.34.3",
              "default": true
            },
            {
              "name": "man",
              "path": "/nix/store/sc5pab1b1hd20gpvk5rzj638wkgz0pvz-kubectl-1.34.3-man",
              "default": true
            },
            {
              "name": "convert",
              "path": "/nix/store/4cyp95klz5fvnfsizj2n93mfbhmg7v39-kubectl-1.34.3-convert"
            }
          ],
          "store_path": "/nix/store/589b0djk7wn3k3chyzp9a6wi6al95wn1-kubectl-1.34.3"
        }
      }
    },
    "kubernetes-helm@3.19.1": {
      "last_modified": "2025-11-23T21:50:36Z",
      "resolved": "github:NixOS/nixpkgs/ee09932cedcef15aaf476f9343d1dea2cb77e261#kubernetes-helm",
      "source": "devbox-search",
      "version": "3.19.1",
      "systems": {
        "aarch64-darwin": {
          "outputs": [
            {
              "name": "out",
              "path": "/nix/store/xx21h4bmbmhncdlhw5q7gp3wx50x0y5g-kubernetes-helm-3.19.1",
              "default": true
            }
          ],
          "store_path": "/nix/store/xx21h4bmbmhncdlhw5q7gp3wx50x0y5g-kubernetes-helm-3.19.1"
        },
        "aarch64-linux": {
          "outputs": [
            {
              "name": "out",
              "path": "/nix/store/s702f0l23v078mm6jkrbc7bx0qpjrzwm-kubernetes-helm-3.19.1",
              "default": true
            }
          ],
          "store_path": "/nix/store/s702f0l23v078mm6jkrbc7bx0qpjrzwm-kubernetes-helm-3.19.1"
        },
        "x86_64-darwin": {
          "outputs": [
            {
              "name": "out",
              "path": "/nix/store/z2is6ibqddfxx8mb1hybly00hb902h85-kubernetes-helm-3.19.1",
              "default": true
            }
          ],
          "store_path": "/nix/store/z2is6ibqddfxx8mb1hybly00hb902h85-kubernetes-helm-3.19.1"
        },
        "x86_64-linux": {
          "outputs": [
            {
              "name": "out",
              "path": "/nix/store/b7g7s0jpfs93g7s1b556166mcswbkmcx-kubernetes-helm-3.19.1",
              "default": true
            }
          ],
          "store_path": "/nix/store/b7g7s0jpfs93g7s1b556166mcswbkmcx-kubernetes-helm-3.19.1"
        }
      }
    },
    "opentofu@1.11.2": {
      "last_modified": "2025-12-21T10:48:17Z",
      "resolved": "github:NixOS/nixpkgs/306ea70f9eb0fb4e040f8540e2deab32ed7e2055#opentofu",
      "source": "devbox-search",
      "version": "1.11.2",
      "systems": {
        "aarch64-darwin": {
          "outputs": [
            {
              "name": "out",
              "path": "/nix/store/nljjhv4di9zyl215hjarm34pkgsmzqvv-opentofu-1.11.2",
              "default": true
            }
          ],
          "store_path": "/nix/store/nljjhv4di9zyl215hjarm34pkgsmzqvv-opentofu-1.11.2"
        },
        "aarch64-linux": {
          "outputs": [
            {
              "name": "out",
              "path": "/nix/store/bybfj82asfqjcq0y4af2h7vmvc90zwmq-opentofu-1.11.2",
              "default": true
            }
          ],
          "store_path": "/nix/store/bybfj82asfqjcq0y4af2h7vmvc90zwmq-opentofu-1.11.2"
        },
        "x86_64-darwin": {
          "outputs": [
            {
              "name": "out",
              "path": "/nix/store/ga61l5ip56whchqhahahwsljfblxqxw7-opentofu-1.11.2",
              "default": true
            }
          ],
          "store_path": "/nix/store/ga61l5ip56whchqhahahwsljfblxqxw7-opentofu-1.11.2"
        },
        "x86_64-linux": {
          "outputs": [
            {
              "name": "out",
              "path": "/nix/store/q4zi2lmlimzxv7mix9manl763zhzvnmp-opentofu-1.11.2",
              "default": true
            }
          ],
          "store_path": "/nix/store/q4zi2lmlimzxv7mix9manl763zhzvnmp-opentofu-1.11.2"
        }
      }
    },
    "shellspec@0.28.1": {
      "last_modified": "2025-10-07T08:41:47Z",
      "resolved": "github:NixOS/nixpkgs/bce5fe2bb998488d8e7e7856315f90496723793c#shellspec",
      "source": "devbox-search",
      "version": "0.28.1",
      "systems": {
        "aarch64-darwin": {
          "outputs": [
            {
              "name": "out",
              "path": "/nix/store/wh39byc9ahwmh7nfywpj3cwxfanm3jlm-shellspec-0.28.1",
              "default": true
            }
          ],
          "store_path": "/nix/store/wh39byc9ahwmh7nfywpj3cwxfanm3jlm-shellspec-0.28.1"
        },
        "aarch64-linux": {
          "outputs": [
            {
              "name": "out",
              "path": "/nix/store/r56994y9bzjaxxm96r1jmsf5cggi22b9-shellspec-0.28.1",
              "default": true
            }
          ],
          "store_path": "/nix/store/r56994y9bzjaxxm96r1jmsf5cggi22b9-shellspec-0.28.1"
        },
        "x86_64-darwin": {
          "outputs": [
            {
              "name": "out",
              "path": "/nix/store/h1zpw024ra10jidhrp85278hg2nj9p5x-shellspec-0.28.1",
              "default": true
            }
          ],
          "store_path": "/nix/store/h1zpw024ra10jidhrp85278hg2nj9p5x-shellspec-0.28.1"
        },
        "x86_64-linux": {
          "outputs": [
            {
              "name": "out",
              "path": "/nix/store/xy4rh9axm41di5s33s4rq1agr4ffc6nr-shellspec-0.28.1",
              "default": true
            }
          ],
          "store_path": "/nix/store/xy4rh9axm41di5s33s4rq1agr4ffc6nr-shellspec-0.28.1"
        }
      }
    },
    "sops@3.11.0": {
      "last_modified": "2025-10-22T20:59:19Z",
      "resolved": "github:NixOS/nixpkgs/01b6809f7f9d1183a2b3e081f0a1e6f8f415cb09#sops",
      "source": "devbox-search",
      "version": "3.11.0",
      "systems": {
        "aarch64-darwin": {
          "outputs": [
            {
              "name": "out",
              "path": "/nix/store/qwlq3d2n8jf854156ibrrgsxgid6ia03-sops-3.11.0",
              "default": true
            }
          ],
          "store_path": "/nix/store/qwlq3d2n8jf854156ibrrgsxgid6ia03-sops-3.11.0"
        },
        "aarch64-linux": {
          "outputs": [
            {
              "name": "out",
              "path": "/nix/store/lh7cq23r56wwvi21fmvrhywrs1ns4lcn-sops-3.11.0",
              "default": true
            }
          ],
          "store_path": "/nix/store/lh7cq23r56wwvi21fmvrhywrs1ns4lcn-sops-3.11.0"
        },
        "x86_64-darwin": {
          "outputs": [
            {
              "name": "out",
              "path": "/nix/store/shc2cp6jd1vjl9m8p4d2rq06h7w6jdrb-sops-3.11.0",
              "default": true
            }
          ],
          "store_path": "/nix/store/shc2cp6jd1vjl9m8p4d2rq06h7w6jdrb-sops-3.11.0"
        },
        "x86_64-linux": {
          "outputs": [
            {
              "name": "out",
              "path": "/nix/store/n0s88igzv2shfkmx0i8xa9qr3rav1vzp-sops-3.11.0",
              "default": true
            }
          ],
          "store_path": "/nix/store/n0s88igzv2shfkmx0i8xa9qr3rav1vzp-sops-3.11.0"
        }
      }
    },
    "talosctl@1.12.0": {
      "last_modified": "2025-12-29T08:23:14Z",
      "resolved": "github:NixOS/nixpkgs/0744ef1b047f07d31d9962d757ffe38ec14a4d41#talosctl",
      "source": "devbox-search",
      "version": "1.12.0",
      "systems": {
        "aarch64-darwin": {
          "outputs": [
            {
              "name": "out",
              "path": "/nix/store/kc2vwn8fc12ni7dcq801vmgwgb7v9gzw-talosctl-1.12.0",
              "default": true
            }
          ],
          "store_path": "/nix/store/kc2vwn8fc12ni7dcq801vmgwgb7v9gzw-talosctl-1.12.0"
        },
        "aarch64-linux": {
          "outputs": [
            {
              "name": "out",
              "path": "/nix/store/zr1sbl62xp02s3vgmnpjjzlxl0y92dsw-talosctl-1.12.0",
              "default": true
            }
          ],
          "store_path": "/nix/store/zr1sbl62xp02s3vgmnpjjzlxl0y92dsw-talosctl-1.12.0"
        },
        "x86_64-darwin": {
          "outputs": [
            {
              "name": "out",
              "path": "/nix/store/jy03snamlc5jd1i9pbvmp84b51l294b8-talosctl-1.12.0",
              "default": true
            }
          ],
          "store_path": "/nix/store/jy03snamlc5jd1i9pbvmp84b51l294b8-talosctl-1.12.0"
        },
        "x86_64-linux": {
          "outputs": [
            {
              "name": "out",
              "path": "/nix/store/9mbfid8nk48v7lrasw0ypivwr31mhvr2-talosctl-1.12.0",
              "default": true
            }
          ],
          "store_path": "/nix/store/9mbfid8nk48v7lrasw0ypivwr31mhvr2-talosctl-1.12.0"
        }
      }
    },
    "yq-go@4.50.1": {
      "last_modified": "2025-12-15T04:22:15Z",
      "resolved": "github:NixOS/nixpkgs/09b8fda8959d761445f12b55f380d90375a1d6bb#yq-go",
      "source": "devbox-search",
      "version": "4.50.1",
      "systems": {
        "aarch64-darwin": {
          "outputs": [
            {
              "name": "out",
              "path": "/nix/store/3y3aq58bp35iwxlbkz3d91sph50wlmls-yq-go-4.50.1",
              "default": true
            }
          ],
          "store_path": "/nix/store/3y3aq58bp35iwxlbkz3d91sph50wlmls-yq-go-4.50.1"
        },
        "aarch64-linux": {
          "outputs": [
            {
              "name": "out",
              "path": "/nix/store/1yfc76bww15qsvsqmry8k9glkql2r0z0-yq-go-4.50.1",
              "default": true
            }
          ],
          "store_path": "/nix/store/1yfc76bww15qsvsqmry8k9glkql2r0z0-yq-go-4.50.1"
        },
        "x86_64-darwin": {
          "outputs": [
            {
              "name": "out",
              "path": "/nix/store/rmyvyk5shq34zpsc8g31d0q71k75izbr-yq-go-4.50.1",
              "default": true
            }
          ],
          "store_path": "/nix/store/rmyvyk5shq34zpsc8g31d0q71k75izbr-yq-go-4.50.1"
        },
        "x86_64-linux": {
          "outputs": [
            {
              "name": "out",
              "path": "/nix/store/q19pyndq69l2ca6vcazj0bjhzfpd1kyj-yq-go-4.50.1",
              "default": true
            }
          ],
          "store_path": "/nix/store/q19pyndq69l2ca6vcazj0bjhzfpd1kyj-yq-go-4.50.1"
        }
      }
    }
  }
}
